
Microsoft Visual Studio Solution File, Format Version 12.00
# Visual Studio Version 17
VisualStudioVersion = 17.0.31903.59
MinimumVisualStudioVersion = 10.0.40219.1
Project("{FAE04EC0-301F-11D3-BF4B-00C04F79EFBC}") = "ExamManagement.Api", "ExamManagement.Api\ExamManagement.Api.csproj", "{8E23FC4A-69CE-4041-B2BC-C9BBBAFF66DC}"
EndProject
Project("{FAE04EC0-301F-11D3-BF4B-00C04F79EFBC}") = "ExamManagement.Application", "ExamManagement.Application\ExamManagement.Application.csproj", "{057C7CB6-6D09-414F-802C-5D4E13A2CA81}"
EndProject
Project("{FAE04EC0-301F-11D3-BF4B-00C04F79EFBC}") = "ExamManagement.Domain", "ExamManagement.Domain\ExamManagement.Domain.csproj", "{8D6998B2-B405-44C1-AD67-30F6C252C2FC}"
EndProject
Project("{FAE04EC0-301F-11D3-BF4B-00C04F79EFBC}") = "ExamManagement.Infrastructure", "ExamManagement.Infrastructure\ExamManagement.Infrastructure.csproj", "{48E984DF-2C9A-4D33-9BCA-D08E7B1B5DC0}"
EndProject
Project("{FAE04EC0-301F-11D3-BF4B-00C04F79EFBC}") = "ExamManagement.Contracts", "ExamManagement.Contracts\ExamManagement.Contracts.csproj", "{4AAAD469-7371-46B4-8E29-8D7D91D71808}"
EndProject
Project("{2150E333-8FDC-42A3-9474-1A3956D46DE8}") = ".vscode", ".vscode", "{444CCC53-0022-42FD-9339-EA2B1CF53202}"
	ProjectSection(SolutionItems) = preProject
		launch.json = launch.json
		settings.json = settings.json
		tasks.json = tasks.json
	EndProjectSection
EndProject
Global
	GlobalSection(SolutionConfigurationPlatforms) = preSolution
		Debug|Any CPU = Debug|Any CPU
		Release|Any CPU = Release|Any CPU
	EndGlobalSection
	GlobalSection(ProjectConfigurationPlatforms) = postSolution
		{8E23FC4A-69CE-4041-B2BC-C9BBBAFF66DC}.Debug|Any CPU.ActiveCfg = Debug|Any CPU
		{8E23FC4A-69CE-4041-B2BC-C9BBBAFF66DC}.Debug|Any CPU.Build.0 = Debug|Any CPU
		{8E23FC4A-69CE-4041-B2BC-C9BBBAFF66DC}.Release|Any CPU.ActiveCfg = Release|Any CPU
		{8E23FC4A-69CE-4041-B2BC-C9BBBAFF66DC}.Release|Any CPU.Build.0 = Release|Any CPU
		{057C7CB6-6D09-414F-802C-5D4E13A2CA81}.Debug|Any CPU.ActiveCfg = Debug|Any CPU
		{057C7CB6-6D09-414F-802C-5D4E13A2CA81}.Debug|Any CPU.Build.0 = Debug|Any CPU
		{057C7CB6-6D09-414F-802C-5D4E13A2CA81}.Release|Any CPU.ActiveCfg = Release|Any CPU
		{057C7CB6-6D09-414F-802C-5D4E13A2CA81}.Release|Any CPU.Build.0 = Release|Any CPU
		{8D6998B2-B405-44C1-AD67-30F6C252C2FC}.Debug|Any CPU.ActiveCfg = Debug|Any CPU
		{8D6998B2-B405-44C1-AD67-30F6C252C2FC}.Debug|Any CPU.Build.0 = Debug|Any CPU
		{8D6998B2-B405-44C1-AD67-30F6C252C2FC}.Release|Any CPU.ActiveCfg = Release|Any CPU
		{8D6998B2-B405-44C1-AD67-30F6C252C2FC}.Release|Any CPU.Build.0 = Release|Any CPU
		{48E984DF-2C9A-4D33-9BCA-D08E7B1B5DC0}.Debug|Any CPU.ActiveCfg = Debug|Any CPU
		{48E984DF-2C9A-4D33-9BCA-D08E7B1B5DC0}.Debug|Any CPU.Build.0 = Debug|Any CPU
		{48E984DF-2C9A-4D33-9BCA-D08E7B1B5DC0}.Release|Any CPU.ActiveCfg = Release|Any CPU
		{48E984DF-2C9A-4D33-9BCA-D08E7B1B5DC0}.Release|Any CPU.Build.0 = Release|Any CPU
		{4AAAD469-7371-46B4-8E29-8D7D91D71808}.Debug|Any CPU.ActiveCfg = Debug|Any CPU
		{4AAAD469-7371-46B4-8E29-8D7D91D71808}.Debug|Any CPU.Build.0 = Debug|Any CPU
		{4AAAD469-7371-46B4-8E29-8D7D91D71808}.Release|Any CPU.ActiveCfg = Release|Any CPU
		{4AAAD469-7371-46B4-8E29-8D7D91D71808}.Release|Any CPU.Build.0 = Release|Any CPU
	EndGlobalSection
	GlobalSection(SolutionProperties) = preSolution
		HideSolutionNode = FALSE
	EndGlobalSection
EndGlobal
